
Microsoft Visual Studio Solution File, Format Version 12.00
# Visual Studio Version 16
VisualStudioVersion = 16.0.29519.181
MinimumVisualStudioVersion = 10.0.40219.1
Project("{FAE04EC0-301F-11D3-BF4B-00C04F79EFBC}") = "xModeltoPicture", "xModeltoPicture.csproj", "{5DCCF105-632C-4868-B51E-3DFE04D5276B}"
EndProject
Global
	GlobalSection(SolutionConfigurationPlatforms) = preSolution
		Debug|Any CPU = Debug|Any CPU
		Release|Any CPU = Release|Any CPU
	EndGlobalSection
	GlobalSection(ProjectConfigurationPlatforms) = postSolution
		{5DCCF105-632C-4868-B51E-3DFE04D5276B}.Debug|Any CPU.ActiveCfg = Release|Any CPU
		{5DCCF105-632C-4868-B51E-3DFE04D5276B}.Debug|Any CPU.Build.0 = Release|Any CPU
		{5DCCF105-632C-4868-B51E-3DFE04D5276B}.Release|Any CPU.ActiveCfg = Release|Any CPU
		{5DCCF105-632C-4868-B51E-3DFE04D5276B}.Release|Any CPU.Build.0 = Release|Any CPU
	EndGlobalSection
	GlobalSection(SolutionProperties) = preSolution
		HideSolutionNode = FALSE
	EndGlobalSection
	GlobalSection(ExtensibilityGlobals) = postSolution
		SolutionGuid = {F09DE3D1-E1DA-45D7-8FB6-EA58CF3123BB}
	EndGlobalSection
EndGlobal
